
Microsoft Visual Studio Solution File, Format Version 12.00
# Visual Studio Version 17
VisualStudioVersion = 17.0.31903.59
MinimumVisualStudioVersion = 10.0.40219.1
Project("{2150E333-8FDC-42A3-9474-1A3956D46DE8}") = "src", "src", "{827E0CD3-B72D-47B6-A68D-7590B98EB39B}"
EndProject
Project("{FAE04EC0-301F-11D3-BF4B-00C04F79EFBC}") = "WpfPilot", "src\WpfPilot\WpfPilot.csproj", "{4D3491E0-B61C-4D5F-BD5A-FB01D7A9DBA1}"
EndProject
Project("{FAE04EC0-301F-11D3-BF4B-00C04F79EFBC}") = "WpfPilot.Cli", "src\WpfPilot.Cli\WpfPilot.Cli.csproj", "{4CA9EEF6-8886-4457-88B0-AFAEA91F3515}"
EndProject
Project("{2150E333-8FDC-42A3-9474-1A3956D46DE8}") = "samples", "samples", "{5D20AA90-6969-D8BD-9DCD-8634F4692FDA}"
EndProject
Project("{FAE04EC0-301F-11D3-BF4B-00C04F79EFBC}") = "SampleApp", "samples\SampleApp\SampleApp.csproj", "{E9F44916-36E5-4C98-B825-DC3F923B0EC6}"
EndProject
Project("{2150E333-8FDC-42A3-9474-1A3956D46DE8}") = "tests", "tests", "{0AB3BF05-4346-4AA6-1389-037BE0695223}"
EndProject
Project("{FAE04EC0-301F-11D3-BF4B-00C04F79EFBC}") = "WpfPilot.Tests", "tests\WpfPilot.Tests\WpfPilot.Tests.csproj", "{B02FFF5D-AB8A-4A41-9534-59FBB3304E12}"
EndProject
Project("{FAE04EC0-301F-11D3-BF4B-00C04F79EFBC}") = "WpfPilot.Core", "src\WpfPilot.Core\WpfPilot.Core.csproj", "{5C785AA7-C470-4736-9C67-FEE335E5496F}"
EndProject
Project("{FAE04EC0-301F-11D3-BF4B-00C04F79EFBC}") = "AvaloniaPilot", "src\AvaloniaPilot\AvaloniaPilot.csproj", "{29808D98-89A4-4422-A535-90514BDC690C}"
EndProject
Project("{FAE04EC0-301F-11D3-BF4B-00C04F79EFBC}") = "AvaloniaSampleApp", "samples\AvaloniaSampleApp\AvaloniaSampleApp.csproj", "{F337437B-F846-45AB-B94C-68EF2CF96ED9}"
EndProject
Global
	GlobalSection(SolutionConfigurationPlatforms) = preSolution
		Debug|Any CPU = Debug|Any CPU
		Debug|x64 = Debug|x64
		Debug|x86 = Debug|x86
		Release|Any CPU = Release|Any CPU
		Release|x64 = Release|x64
		Release|x86 = Release|x86
	EndGlobalSection
	GlobalSection(ProjectConfigurationPlatforms) = postSolution
		{4D3491E0-B61C-4D5F-BD5A-FB01D7A9DBA1}.Debug|Any CPU.ActiveCfg = Debug|Any CPU
		{4D3491E0-B61C-4D5F-BD5A-FB01D7A9DBA1}.Debug|Any CPU.Build.0 = Debug|Any CPU
		{4D3491E0-B61C-4D5F-BD5A-FB01D7A9DBA1}.Debug|x64.ActiveCfg = Debug|Any CPU
		{4D3491E0-B61C-4D5F-BD5A-FB01D7A9DBA1}.Debug|x64.Build.0 = Debug|Any CPU
		{4D3491E0-B61C-4D5F-BD5A-FB01D7A9DBA1}.Debug|x86.ActiveCfg = Debug|Any CPU
		{4D3491E0-B61C-4D5F-BD5A-FB01D7A9DBA1}.Debug|x86.Build.0 = Debug|Any CPU
		{4D3491E0-B61C-4D5F-BD5A-FB01D7A9DBA1}.Release|Any CPU.ActiveCfg = Release|Any CPU
		{4D3491E0-B61C-4D5F-BD5A-FB01D7A9DBA1}.Release|Any CPU.Build.0 = Release|Any CPU
		{4D3491E0-B61C-4D5F-BD5A-FB01D7A9DBA1}.Release|x64.ActiveCfg = Release|Any CPU
		{4D3491E0-B61C-4D5F-BD5A-FB01D7A9DBA1}.Release|x64.Build.0 = Release|Any CPU
		{4D3491E0-B61C-4D5F-BD5A-FB01D7A9DBA1}.Release|x86.ActiveCfg = Release|Any CPU
		{4D3491E0-B61C-4D5F-BD5A-FB01D7A9DBA1}.Release|x86.Build.0 = Release|Any CPU
		{4CA9EEF6-8886-4457-88B0-AFAEA91F3515}.Debug|Any CPU.ActiveCfg = Debug|Any CPU
		{4CA9EEF6-8886-4457-88B0-AFAEA91F3515}.Debug|Any CPU.Build.0 = Debug|Any CPU
		{4CA9EEF6-8886-4457-88B0-AFAEA91F3515}.Debug|x64.ActiveCfg = Debug|Any CPU
		{4CA9EEF6-8886-4457-88B0-AFAEA91F3515}.Debug|x64.Build.0 = Debug|Any CPU
		{4CA9EEF6-8886-4457-88B0-AFAEA91F3515}.Debug|x86.ActiveCfg = Debug|Any CPU
		{4CA9EEF6-8886-4457-88B0-AFAEA91F3515}.Debug|x86.Build.0 = Debug|Any CPU
		{4CA9EEF6-8886-4457-88B0-AFAEA91F3515}.Release|Any CPU.ActiveCfg = Release|Any CPU
		{4CA9EEF6-8886-4457-88B0-AFAEA91F3515}.Release|Any CPU.Build.0 = Release|Any CPU
		{4CA9EEF6-8886-4457-88B0-AFAEA91F3515}.Release|x64.ActiveCfg = Release|Any CPU
		{4CA9EEF6-8886-4457-88B0-AFAEA91F3515}.Release|x64.Build.0 = Release|Any CPU
		{4CA9EEF6-8886-4457-88B0-AFAEA91F3515}.Release|x86.ActiveCfg = Release|Any CPU
		{4CA9EEF6-8886-4457-88B0-AFAEA91F3515}.Release|x86.Build.0 = Release|Any CPU
		{E9F44916-36E5-4C98-B825-DC3F923B0EC6}.Debug|Any CPU.ActiveCfg = Debug|Any CPU
		{E9F44916-36E5-4C98-B825-DC3F923B0EC6}.Debug|Any CPU.Build.0 = Debug|Any CPU
		{E9F44916-36E5-4C98-B825-DC3F923B0EC6}.Debug|x64.ActiveCfg = Debug|Any CPU
		{E9F44916-36E5-4C98-B825-DC3F923B0EC6}.Debug|x64.Build.0 = Debug|Any CPU
		{E9F44916-36E5-4C98-B825-DC3F923B0EC6}.Debug|x86.ActiveCfg = Debug|Any CPU
		{E9F44916-36E5-4C98-B825-DC3F923B0EC6}.Debug|x86.Build.0 = Debug|Any CPU
		{E9F44916-36E5-4C98-B825-DC3F923B0EC6}.Release|Any CPU.ActiveCfg = Release|Any CPU
		{E9F44916-36E5-4C98-B825-DC3F923B0EC6}.Release|Any CPU.Build.0 = Release|Any CPU
		{E9F44916-36E5-4C98-B825-DC3F923B0EC6}.Release|x64.ActiveCfg = Release|Any CPU
		{E9F44916-36E5-4C98-B825-DC3F923B0EC6}.Release|x64.Build.0 = Release|Any CPU
		{E9F44916-36E5-4C98-B825-DC3F923B0EC6}.Release|x86.ActiveCfg = Release|Any CPU
		{E9F44916-36E5-4C98-B825-DC3F923B0EC6}.Release|x86.Build.0 = Release|Any CPU
		{B02FFF5D-AB8A-4A41-9534-59FBB3304E12}.Debug|Any CPU.ActiveCfg = Debug|Any CPU
		{B02FFF5D-AB8A-4A41-9534-59FBB3304E12}.Debug|Any CPU.Build.0 = Debug|Any CPU
		{B02FFF5D-AB8A-4A41-9534-59FBB3304E12}.Debug|x64.ActiveCfg = Debug|Any CPU
		{B02FFF5D-AB8A-4A41-9534-59FBB3304E12}.Debug|x64.Build.0 = Debug|Any CPU
		{B02FFF5D-AB8A-4A41-9534-59FBB3304E12}.Debug|x86.ActiveCfg = Debug|Any CPU
		{B02FFF5D-AB8A-4A41-9534-59FBB3304E12}.Debug|x86.Build.0 = Debug|Any CPU
		{B02FFF5D-AB8A-4A41-9534-59FBB3304E12}.Release|Any CPU.ActiveCfg = Release|Any CPU
		{B02FFF5D-AB8A-4A41-9534-59FBB3304E12}.Release|Any CPU.Build.0 = Release|Any CPU
		{B02FFF5D-AB8A-4A41-9534-59FBB3304E12}.Release|x64.ActiveCfg = Release|Any CPU
		{B02FFF5D-AB8A-4A41-9534-59FBB3304E12}.Release|x64.Build.0 = Release|Any CPU
		{B02FFF5D-AB8A-4A41-9534-59FBB3304E12}.Release|x86.ActiveCfg = Release|Any CPU
		{B02FFF5D-AB8A-4A41-9534-59FBB3304E12}.Release|x86.Build.0 = Release|Any CPU
		{5C785AA7-C470-4736-9C67-FEE335E5496F}.Debug|Any CPU.ActiveCfg = Debug|Any CPU
		{5C785AA7-C470-4736-9C67-FEE335E5496F}.Debug|Any CPU.Build.0 = Debug|Any CPU
		{5C785AA7-C470-4736-9C67-FEE335E5496F}.Debug|x64.ActiveCfg = Debug|Any CPU
		{5C785AA7-C470-4736-9C67-FEE335E5496F}.Debug|x64.Build.0 = Debug|Any CPU
		{5C785AA7-C470-4736-9C67-FEE335E5496F}.Debug|x86.ActiveCfg = Debug|Any CPU
		{5C785AA7-C470-4736-9C67-FEE335E5496F}.Debug|x86.Build.0 = Debug|Any CPU
		{5C785AA7-C470-4736-9C67-FEE335E5496F}.Release|Any CPU.ActiveCfg = Release|Any CPU
		{5C785AA7-C470-4736-9C67-FEE335E5496F}.Release|Any CPU.Build.0 = Release|Any CPU
		{5C785AA7-C470-4736-9C67-FEE335E5496F}.Release|x64.ActiveCfg = Release|Any CPU
		{5C785AA7-C470-4736-9C67-FEE335E5496F}.Release|x64.Build.0 = Release|Any CPU
		{5C785AA7-C470-4736-9C67-FEE335E5496F}.Release|x86.ActiveCfg = Release|Any CPU
		{5C785AA7-C470-4736-9C67-FEE335E5496F}.Release|x86.Build.0 = Release|Any CPU
		{29808D98-89A4-4422-A535-90514BDC690C}.Debug|Any CPU.ActiveCfg = Debug|Any CPU
		{29808D98-89A4-4422-A535-90514BDC690C}.Debug|Any CPU.Build.0 = Debug|Any CPU
		{29808D98-89A4-4422-A535-90514BDC690C}.Debug|x64.ActiveCfg = Debug|Any CPU
		{29808D98-89A4-4422-A535-90514BDC690C}.Debug|x64.Build.0 = Debug|Any CPU
		{29808D98-89A4-4422-A535-90514BDC690C}.Debug|x86.ActiveCfg = Debug|Any CPU
		{29808D98-89A4-4422-A535-90514BDC690C}.Debug|x86.Build.0 = Debug|Any CPU
		{29808D98-89A4-4422-A535-90514BDC690C}.Release|Any CPU.ActiveCfg = Release|Any CPU
		{29808D98-89A4-4422-A535-90514BDC690C}.Release|Any CPU.Build.0 = Release|Any CPU
		{29808D98-89A4-4422-A535-90514BDC690C}.Release|x64.ActiveCfg = Release|Any CPU
		{29808D98-89A4-4422-A535-90514BDC690C}.Release|x64.Build.0 = Release|Any CPU
		{29808D98-89A4-4422-A535-90514BDC690C}.Release|x86.ActiveCfg = Release|Any CPU
		{29808D98-89A4-4422-A535-90514BDC690C}.Release|x86.Build.0 = Release|Any CPU
		{F337437B-F846-45AB-B94C-68EF2CF96ED9}.Debug|Any CPU.ActiveCfg = Debug|Any CPU
		{F337437B-F846-45AB-B94C-68EF2CF96ED9}.Debug|Any CPU.Build.0 = Debug|Any CPU
		{F337437B-F846-45AB-B94C-68EF2CF96ED9}.Debug|x64.ActiveCfg = Debug|Any CPU
		{F337437B-F846-45AB-B94C-68EF2CF96ED9}.Debug|x64.Build.0 = Debug|Any CPU
		{F337437B-F846-45AB-B94C-68EF2CF96ED9}.Debug|x86.ActiveCfg = Debug|Any CPU
		{F337437B-F846-45AB-B94C-68EF2CF96ED9}.Debug|x86.Build.0 = Debug|Any CPU
		{F337437B-F846-45AB-B94C-68EF2CF96ED9}.Release|Any CPU.ActiveCfg = Release|Any CPU
		{F337437B-F846-45AB-B94C-68EF2CF96ED9}.Release|Any CPU.Build.0 = Release|Any CPU
		{F337437B-F846-45AB-B94C-68EF2CF96ED9}.Release|x64.ActiveCfg = Release|Any CPU
		{F337437B-F846-45AB-B94C-68EF2CF96ED9}.Release|x64.Build.0 = Release|Any CPU
		{F337437B-F846-45AB-B94C-68EF2CF96ED9}.Release|x86.ActiveCfg = Release|Any CPU
		{F337437B-F846-45AB-B94C-68EF2CF96ED9}.Release|x86.Build.0 = Release|Any CPU
	EndGlobalSection
	GlobalSection(SolutionProperties) = preSolution
		HideSolutionNode = FALSE
	EndGlobalSection
	GlobalSection(NestedProjects) = preSolution
		{4D3491E0-B61C-4D5F-BD5A-FB01D7A9DBA1} = {827E0CD3-B72D-47B6-A68D-7590B98EB39B}
		{4CA9EEF6-8886-4457-88B0-AFAEA91F3515} = {827E0CD3-B72D-47B6-A68D-7590B98EB39B}
		{E9F44916-36E5-4C98-B825-DC3F923B0EC6} = {5D20AA90-6969-D8BD-9DCD-8634F4692FDA}
		{B02FFF5D-AB8A-4A41-9534-59FBB3304E12} = {0AB3BF05-4346-4AA6-1389-037BE0695223}
		{5C785AA7-C470-4736-9C67-FEE335E5496F} = {827E0CD3-B72D-47B6-A68D-7590B98EB39B}
		{29808D98-89A4-4422-A535-90514BDC690C} = {827E0CD3-B72D-47B6-A68D-7590B98EB39B}
		{F337437B-F846-45AB-B94C-68EF2CF96ED9} = {5D20AA90-6969-D8BD-9DCD-8634F4692FDA}
	EndGlobalSection
EndGlobal
